
Microsoft Visual Studio Solution File, Format Version 12.00
# Visual Studio 2012
Project("{8BC9CEB8-8B4A-11D0-8D11-00A0C91BC942}") = "teli_dei", "teli_dei\teli_dei.vcxproj", "{A90EC7D5-64D6-4822-8020-7A1A3D3847E3}"
	ProjectSection(ProjectDependencies) = postProject
		{3716D2C6-7204-4842-9988-C5F919B7AD5B} = {3716D2C6-7204-4842-9988-C5F919B7AD5B}
	EndProjectSection
EndProject
Project("{FAE04EC0-301F-11D3-BF4B-00C04F79EFBC}") = "ansiToUTF8", "ansitoutf8\ansiToUTF8.csproj", "{3716D2C6-7204-4842-9988-C5F919B7AD5B}"
EndProject
Project("{FAE04EC0-301F-11D3-BF4B-00C04F79EFBC}") = "VersionHelper", "VersionHelper\VersionHelper.csproj", "{6FEAD9B9-115F-4722-B53C-65DA8F4CB6CB}"
EndProject
Project("{6141683F-8A12-4E36-9623-2EB02B2C2303}") = "SetupTeliDei", "SetupTeliDei\SetupTeliDei.isproj", "{5F2CC57C-1544-4F09-A149-7DCD8361BB57}"
	ProjectSection(ProjectDependencies) = postProject
		{6FEAD9B9-115F-4722-B53C-65DA8F4CB6CB} = {6FEAD9B9-115F-4722-B53C-65DA8F4CB6CB}
		{3716D2C6-7204-4842-9988-C5F919B7AD5B} = {3716D2C6-7204-4842-9988-C5F919B7AD5B}
		{A90EC7D5-64D6-4822-8020-7A1A3D3847E3} = {A90EC7D5-64D6-4822-8020-7A1A3D3847E3}
	EndProjectSection
EndProject
Global
	GlobalSection(SolutionConfigurationPlatforms) = preSolution
		CD_ROM|Any CPU = CD_ROM|Any CPU
		CD_ROM|Mixed Platforms = CD_ROM|Mixed Platforms
		CD_ROM|Win32 = CD_ROM|Win32
		CD_ROM|x86 = CD_ROM|x86
		Debug|Any CPU = Debug|Any CPU
		Debug|Mixed Platforms = Debug|Mixed Platforms
		Debug|Win32 = Debug|Win32
		Debug|x86 = Debug|x86
		DVD-5|Any CPU = DVD-5|Any CPU
		DVD-5|Mixed Platforms = DVD-5|Mixed Platforms
		DVD-5|Win32 = DVD-5|Win32
		DVD-5|x86 = DVD-5|x86
		Release|Any CPU = Release|Any CPU
		Release|Mixed Platforms = Release|Mixed Platforms
		Release|Win32 = Release|Win32
		Release|x86 = Release|x86
		SingleImage|Any CPU = SingleImage|Any CPU
		SingleImage|Mixed Platforms = SingleImage|Mixed Platforms
		SingleImage|Win32 = SingleImage|Win32
		SingleImage|x86 = SingleImage|x86
	EndGlobalSection
	GlobalSection(ProjectConfigurationPlatforms) = postSolution
		{A90EC7D5-64D6-4822-8020-7A1A3D3847E3}.CD_ROM|Any CPU.ActiveCfg = Release|Win32
		{A90EC7D5-64D6-4822-8020-7A1A3D3847E3}.CD_ROM|Mixed Platforms.ActiveCfg = Release|Win32
		{A90EC7D5-64D6-4822-8020-7A1A3D3847E3}.CD_ROM|Mixed Platforms.Build.0 = Release|Win32
		{A90EC7D5-64D6-4822-8020-7A1A3D3847E3}.CD_ROM|Win32.ActiveCfg = Release|Win32
		{A90EC7D5-64D6-4822-8020-7A1A3D3847E3}.CD_ROM|Win32.Build.0 = Release|Win32
		{A90EC7D5-64D6-4822-8020-7A1A3D3847E3}.CD_ROM|x86.ActiveCfg = Debug|Win32
		{A90EC7D5-64D6-4822-8020-7A1A3D3847E3}.CD_ROM|x86.Build.0 = Debug|Win32
		{A90EC7D5-64D6-4822-8020-7A1A3D3847E3}.Debug|Any CPU.ActiveCfg = Debug|Win32
		{A90EC7D5-64D6-4822-8020-7A1A3D3847E3}.Debug|Mixed Platforms.ActiveCfg = Debug|Win32
		{A90EC7D5-64D6-4822-8020-7A1A3D3847E3}.Debug|Mixed Platforms.Build.0 = Debug|Win32
		{A90EC7D5-64D6-4822-8020-7A1A3D3847E3}.Debug|Win32.ActiveCfg = Debug|Win32
		{A90EC7D5-64D6-4822-8020-7A1A3D3847E3}.Debug|Win32.Build.0 = Debug|Win32
		{A90EC7D5-64D6-4822-8020-7A1A3D3847E3}.Debug|x86.ActiveCfg = Debug|Win32
		{A90EC7D5-64D6-4822-8020-7A1A3D3847E3}.Debug|x86.Build.0 = Debug|Win32
		{A90EC7D5-64D6-4822-8020-7A1A3D3847E3}.DVD-5|Any CPU.ActiveCfg = Debug|Win32
		{A90EC7D5-64D6-4822-8020-7A1A3D3847E3}.DVD-5|Mixed Platforms.ActiveCfg = Debug|Win32
		{A90EC7D5-64D6-4822-8020-7A1A3D3847E3}.DVD-5|Mixed Platforms.Build.0 = Debug|Win32
		{A90EC7D5-64D6-4822-8020-7A1A3D3847E3}.DVD-5|Win32.ActiveCfg = Debug|Win32
		{A90EC7D5-64D6-4822-8020-7A1A3D3847E3}.DVD-5|Win32.Build.0 = Debug|Win32
		{A90EC7D5-64D6-4822-8020-7A1A3D3847E3}.DVD-5|x86.ActiveCfg = Debug|Win32
		{A90EC7D5-64D6-4822-8020-7A1A3D3847E3}.DVD-5|x86.Build.0 = Debug|Win32
		{A90EC7D5-64D6-4822-8020-7A1A3D3847E3}.Release|Any CPU.ActiveCfg = Release|Win32
		{A90EC7D5-64D6-4822-8020-7A1A3D3847E3}.Release|Mixed Platforms.ActiveCfg = Debug|Win32
		{A90EC7D5-64D6-4822-8020-7A1A3D3847E3}.Release|Mixed Platforms.Build.0 = Debug|Win32
		{A90EC7D5-64D6-4822-8020-7A1A3D3847E3}.Release|Win32.ActiveCfg = Release|Win32
		{A90EC7D5-64D6-4822-8020-7A1A3D3847E3}.Release|Win32.Build.0 = Release|Win32
		{A90EC7D5-64D6-4822-8020-7A1A3D3847E3}.Release|x86.ActiveCfg = Debug|Win32
		{A90EC7D5-64D6-4822-8020-7A1A3D3847E3}.Release|x86.Build.0 = Debug|Win32
		{A90EC7D5-64D6-4822-8020-7A1A3D3847E3}.Release|x86.Deploy.0 = Debug|Win32
		{A90EC7D5-64D6-4822-8020-7A1A3D3847E3}.SingleImage|Any CPU.ActiveCfg = Release|Win32
		{A90EC7D5-64D6-4822-8020-7A1A3D3847E3}.SingleImage|Mixed Platforms.ActiveCfg = Release|Win32
		{A90EC7D5-64D6-4822-8020-7A1A3D3847E3}.SingleImage|Mixed Platforms.Build.0 = Release|Win32
		{A90EC7D5-64D6-4822-8020-7A1A3D3847E3}.SingleImage|Win32.ActiveCfg = Release|Win32
		{A90EC7D5-64D6-4822-8020-7A1A3D3847E3}.SingleImage|Win32.Build.0 = Release|Win32
		{A90EC7D5-64D6-4822-8020-7A1A3D3847E3}.SingleImage|x86.ActiveCfg = Debug|Win32
		{A90EC7D5-64D6-4822-8020-7A1A3D3847E3}.SingleImage|x86.Build.0 = Debug|Win32
		{3716D2C6-7204-4842-9988-C5F919B7AD5B}.CD_ROM|Any CPU.ActiveCfg = Release|Any CPU
		{3716D2C6-7204-4842-9988-C5F919B7AD5B}.CD_ROM|Any CPU.Build.0 = Release|Any CPU
		{3716D2C6-7204-4842-9988-C5F919B7AD5B}.CD_ROM|Mixed Platforms.ActiveCfg = Release|Any CPU
		{3716D2C6-7204-4842-9988-C5F919B7AD5B}.CD_ROM|Mixed Platforms.Build.0 = Release|Any CPU
		{3716D2C6-7204-4842-9988-C5F919B7AD5B}.CD_ROM|Win32.ActiveCfg = Release|Any CPU
		{3716D2C6-7204-4842-9988-C5F919B7AD5B}.CD_ROM|x86.ActiveCfg = Release|x86
		{3716D2C6-7204-4842-9988-C5F919B7AD5B}.CD_ROM|x86.Build.0 = Release|x86
		{3716D2C6-7204-4842-9988-C5F919B7AD5B}.Debug|Any CPU.ActiveCfg = Debug|Any CPU
		{3716D2C6-7204-4842-9988-C5F919B7AD5B}.Debug|Any CPU.Build.0 = Debug|Any CPU
		{3716D2C6-7204-4842-9988-C5F919B7AD5B}.Debug|Mixed Platforms.ActiveCfg = Debug|Any CPU
		{3716D2C6-7204-4842-9988-C5F919B7AD5B}.Debug|Mixed Platforms.Build.0 = Debug|Any CPU
		{3716D2C6-7204-4842-9988-C5F919B7AD5B}.Debug|Mixed Platforms.Deploy.0 = Debug|Any CPU
		{3716D2C6-7204-4842-9988-C5F919B7AD5B}.Debug|Win32.ActiveCfg = Debug|Any CPU
		{3716D2C6-7204-4842-9988-C5F919B7AD5B}.Debug|x86.ActiveCfg = Debug|x86
		{3716D2C6-7204-4842-9988-C5F919B7AD5B}.Debug|x86.Build.0 = Debug|x86
		{3716D2C6-7204-4842-9988-C5F919B7AD5B}.DVD-5|Any CPU.ActiveCfg = Debug|Any CPU
		{3716D2C6-7204-4842-9988-C5F919B7AD5B}.DVD-5|Any CPU.Build.0 = Debug|Any CPU
		{3716D2C6-7204-4842-9988-C5F919B7AD5B}.DVD-5|Mixed Platforms.ActiveCfg = Debug|Any CPU
		{3716D2C6-7204-4842-9988-C5F919B7AD5B}.DVD-5|Mixed Platforms.Build.0 = Debug|Any CPU
		{3716D2C6-7204-4842-9988-C5F919B7AD5B}.DVD-5|Win32.ActiveCfg = Debug|Any CPU
		{3716D2C6-7204-4842-9988-C5F919B7AD5B}.DVD-5|x86.ActiveCfg = Debug|x86
		{3716D2C6-7204-4842-9988-C5F919B7AD5B}.DVD-5|x86.Build.0 = Debug|x86
		{3716D2C6-7204-4842-9988-C5F919B7AD5B}.Release|Any CPU.ActiveCfg = Release|Any CPU
		{3716D2C6-7204-4842-9988-C5F919B7AD5B}.Release|Any CPU.Build.0 = Release|Any CPU
		{3716D2C6-7204-4842-9988-C5F919B7AD5B}.Release|Mixed Platforms.ActiveCfg = Debug|Any CPU
		{3716D2C6-7204-4842-9988-C5F919B7AD5B}.Release|Mixed Platforms.Build.0 = Debug|Any CPU
		{3716D2C6-7204-4842-9988-C5F919B7AD5B}.Release|Win32.ActiveCfg = Release|x86
		{3716D2C6-7204-4842-9988-C5F919B7AD5B}.Release|Win32.Build.0 = Release|x86
		{3716D2C6-7204-4842-9988-C5F919B7AD5B}.Release|x86.ActiveCfg = Release|x86
		{3716D2C6-7204-4842-9988-C5F919B7AD5B}.Release|x86.Build.0 = Release|x86
		{3716D2C6-7204-4842-9988-C5F919B7AD5B}.Release|x86.Deploy.0 = Release|x86
		{3716D2C6-7204-4842-9988-C5F919B7AD5B}.SingleImage|Any CPU.ActiveCfg = Release|Any CPU
		{3716D2C6-7204-4842-9988-C5F919B7AD5B}.SingleImage|Any CPU.Build.0 = Release|Any CPU
		{3716D2C6-7204-4842-9988-C5F919B7AD5B}.SingleImage|Mixed Platforms.ActiveCfg = Release|Any CPU
		{3716D2C6-7204-4842-9988-C5F919B7AD5B}.SingleImage|Mixed Platforms.Build.0 = Release|Any CPU
		{3716D2C6-7204-4842-9988-C5F919B7AD5B}.SingleImage|Win32.ActiveCfg = Release|Any CPU
		{3716D2C6-7204-4842-9988-C5F919B7AD5B}.SingleImage|x86.ActiveCfg = Release|x86
		{3716D2C6-7204-4842-9988-C5F919B7AD5B}.SingleImage|x86.Build.0 = Release|x86
		{6FEAD9B9-115F-4722-B53C-65DA8F4CB6CB}.CD_ROM|Any CPU.ActiveCfg = Release|Any CPU
		{6FEAD9B9-115F-4722-B53C-65DA8F4CB6CB}.CD_ROM|Any CPU.Build.0 = Release|Any CPU
		{6FEAD9B9-115F-4722-B53C-65DA8F4CB6CB}.CD_ROM|Mixed Platforms.ActiveCfg = Release|Any CPU
		{6FEAD9B9-115F-4722-B53C-65DA8F4CB6CB}.CD_ROM|Mixed Platforms.Build.0 = Release|Any CPU
		{6FEAD9B9-115F-4722-B53C-65DA8F4CB6CB}.CD_ROM|Win32.ActiveCfg = Release|Any CPU
		{6FEAD9B9-115F-4722-B53C-65DA8F4CB6CB}.CD_ROM|x86.ActiveCfg = Release|Any CPU
		{6FEAD9B9-115F-4722-B53C-65DA8F4CB6CB}.Debug|Any CPU.ActiveCfg = Debug|Any CPU
		{6FEAD9B9-115F-4722-B53C-65DA8F4CB6CB}.Debug|Any CPU.Build.0 = Debug|Any CPU
		{6FEAD9B9-115F-4722-B53C-65DA8F4CB6CB}.Debug|Mixed Platforms.ActiveCfg = Debug|Any CPU
		{6FEAD9B9-115F-4722-B53C-65DA8F4CB6CB}.Debug|Mixed Platforms.Build.0 = Debug|Any CPU
		{6FEAD9B9-115F-4722-B53C-65DA8F4CB6CB}.Debug|Win32.ActiveCfg = Debug|Any CPU
		{6FEAD9B9-115F-4722-B53C-65DA8F4CB6CB}.Debug|x86.ActiveCfg = Debug|Any CPU
		{6FEAD9B9-115F-4722-B53C-65DA8F4CB6CB}.DVD-5|Any CPU.ActiveCfg = Debug|Any CPU
		{6FEAD9B9-115F-4722-B53C-65DA8F4CB6CB}.DVD-5|Any CPU.Build.0 = Debug|Any CPU
		{6FEAD9B9-115F-4722-B53C-65DA8F4CB6CB}.DVD-5|Mixed Platforms.ActiveCfg = Debug|Any CPU
		{6FEAD9B9-115F-4722-B53C-65DA8F4CB6CB}.DVD-5|Mixed Platforms.Build.0 = Debug|Any CPU
		{6FEAD9B9-115F-4722-B53C-65DA8F4CB6CB}.DVD-5|Win32.ActiveCfg = Debug|Any CPU
		{6FEAD9B9-115F-4722-B53C-65DA8F4CB6CB}.DVD-5|x86.ActiveCfg = Debug|Any CPU
		{6FEAD9B9-115F-4722-B53C-65DA8F4CB6CB}.Release|Any CPU.ActiveCfg = Release|Any CPU
		{6FEAD9B9-115F-4722-B53C-65DA8F4CB6CB}.Release|Any CPU.Build.0 = Release|Any CPU
		{6FEAD9B9-115F-4722-B53C-65DA8F4CB6CB}.Release|Mixed Platforms.ActiveCfg = Debug|Any CPU
		{6FEAD9B9-115F-4722-B53C-65DA8F4CB6CB}.Release|Mixed Platforms.Build.0 = Debug|Any CPU
		{6FEAD9B9-115F-4722-B53C-65DA8F4CB6CB}.Release|Win32.ActiveCfg = Release|Any CPU
		{6FEAD9B9-115F-4722-B53C-65DA8F4CB6CB}.Release|x86.ActiveCfg = Release|Any CPU
		{6FEAD9B9-115F-4722-B53C-65DA8F4CB6CB}.SingleImage|Any CPU.ActiveCfg = Release|Any CPU
		{6FEAD9B9-115F-4722-B53C-65DA8F4CB6CB}.SingleImage|Any CPU.Build.0 = Release|Any CPU
		{6FEAD9B9-115F-4722-B53C-65DA8F4CB6CB}.SingleImage|Mixed Platforms.ActiveCfg = Release|Any CPU
		{6FEAD9B9-115F-4722-B53C-65DA8F4CB6CB}.SingleImage|Mixed Platforms.Build.0 = Release|Any CPU
		{6FEAD9B9-115F-4722-B53C-65DA8F4CB6CB}.SingleImage|Win32.ActiveCfg = Release|Any CPU
		{6FEAD9B9-115F-4722-B53C-65DA8F4CB6CB}.SingleImage|x86.ActiveCfg = Release|Any CPU
		{5F2CC57C-1544-4F09-A149-7DCD8361BB57}.CD_ROM|Any CPU.ActiveCfg = CD_ROM
		{5F2CC57C-1544-4F09-A149-7DCD8361BB57}.CD_ROM|Any CPU.Build.0 = CD_ROM
		{5F2CC57C-1544-4F09-A149-7DCD8361BB57}.CD_ROM|Mixed Platforms.ActiveCfg = CD_ROM
		{5F2CC57C-1544-4F09-A149-7DCD8361BB57}.CD_ROM|Mixed Platforms.Build.0 = CD_ROM
		{5F2CC57C-1544-4F09-A149-7DCD8361BB57}.CD_ROM|Win32.ActiveCfg = CD_ROM
		{5F2CC57C-1544-4F09-A149-7DCD8361BB57}.CD_ROM|Win32.Build.0 = CD_ROM
		{5F2CC57C-1544-4F09-A149-7DCD8361BB57}.CD_ROM|x86.ActiveCfg = CD_ROM
		{5F2CC57C-1544-4F09-A149-7DCD8361BB57}.CD_ROM|x86.Build.0 = CD_ROM
		{5F2CC57C-1544-4F09-A149-7DCD8361BB57}.Debug|Any CPU.ActiveCfg = DVD-5
		{5F2CC57C-1544-4F09-A149-7DCD8361BB57}.Debug|Any CPU.Build.0 = DVD-5
		{5F2CC57C-1544-4F09-A149-7DCD8361BB57}.Debug|Mixed Platforms.ActiveCfg = DVD-5
		{5F2CC57C-1544-4F09-A149-7DCD8361BB57}.Debug|Mixed Platforms.Build.0 = DVD-5
		{5F2CC57C-1544-4F09-A149-7DCD8361BB57}.Debug|Win32.ActiveCfg = DVD-5
		{5F2CC57C-1544-4F09-A149-7DCD8361BB57}.Debug|Win32.Build.0 = DVD-5
		{5F2CC57C-1544-4F09-A149-7DCD8361BB57}.Debug|x86.ActiveCfg = DVD-5
		{5F2CC57C-1544-4F09-A149-7DCD8361BB57}.Debug|x86.Build.0 = DVD-5
		{5F2CC57C-1544-4F09-A149-7DCD8361BB57}.DVD-5|Any CPU.ActiveCfg = DVD-5
		{5F2CC57C-1544-4F09-A149-7DCD8361BB57}.DVD-5|Any CPU.Build.0 = DVD-5
		{5F2CC57C-1544-4F09-A149-7DCD8361BB57}.DVD-5|Mixed Platforms.ActiveCfg = DVD-5
		{5F2CC57C-1544-4F09-A149-7DCD8361BB57}.DVD-5|Mixed Platforms.Build.0 = DVD-5
		{5F2CC57C-1544-4F09-A149-7DCD8361BB57}.DVD-5|Win32.ActiveCfg = DVD-5
		{5F2CC57C-1544-4F09-A149-7DCD8361BB57}.DVD-5|Win32.Build.0 = DVD-5
		{5F2CC57C-1544-4F09-A149-7DCD8361BB57}.DVD-5|x86.ActiveCfg = DVD-5
		{5F2CC57C-1544-4F09-A149-7DCD8361BB57}.DVD-5|x86.Build.0 = DVD-5
		{5F2CC57C-1544-4F09-A149-7DCD8361BB57}.Release|Any CPU.ActiveCfg = SingleImage
		{5F2CC57C-1544-4F09-A149-7DCD8361BB57}.Release|Any CPU.Build.0 = SingleImage
		{5F2CC57C-1544-4F09-A149-7DCD8361BB57}.Release|Mixed Platforms.ActiveCfg = SingleImage
		{5F2CC57C-1544-4F09-A149-7DCD8361BB57}.Release|Mixed Platforms.Build.0 = SingleImage
		{5F2CC57C-1544-4F09-A149-7DCD8361BB57}.Release|Win32.ActiveCfg = SingleImage
		{5F2CC57C-1544-4F09-A149-7DCD8361BB57}.Release|Win32.Build.0 = SingleImage
		{5F2CC57C-1544-4F09-A149-7DCD8361BB57}.Release|x86.ActiveCfg = SingleImage
		{5F2CC57C-1544-4F09-A149-7DCD8361BB57}.Release|x86.Build.0 = SingleImage
		{5F2CC57C-1544-4F09-A149-7DCD8361BB57}.SingleImage|Any CPU.ActiveCfg = SingleImage
		{5F2CC57C-1544-4F09-A149-7DCD8361BB57}.SingleImage|Any CPU.Build.0 = SingleImage
		{5F2CC57C-1544-4F09-A149-7DCD8361BB57}.SingleImage|Mixed Platforms.ActiveCfg = SingleImage
		{5F2CC57C-1544-4F09-A149-7DCD8361BB57}.SingleImage|Mixed Platforms.Build.0 = SingleImage
		{5F2CC57C-1544-4F09-A149-7DCD8361BB57}.SingleImage|Win32.ActiveCfg = SingleImage
		{5F2CC57C-1544-4F09-A149-7DCD8361BB57}.SingleImage|Win32.Build.0 = SingleImage
		{5F2CC57C-1544-4F09-A149-7DCD8361BB57}.SingleImage|x86.ActiveCfg = SingleImage
		{5F2CC57C-1544-4F09-A149-7DCD8361BB57}.SingleImage|x86.Build.0 = SingleImage
	EndGlobalSection
	GlobalSection(SolutionProperties) = preSolution
		HideSolutionNode = FALSE
	EndGlobalSection
EndGlobal
